
Microsoft Visual Studio Solution File, Format Version 12.00
# Visual Studio Version 17
VisualStudioVersion = 17.3.32922.545
MinimumVisualStudioVersion = 10.0.40219.1
Project("{FAE04EC0-301F-11D3-BF4B-00C04F79EFBC}") = "AreaCalculatorLib", "AreaCalculator\AreaCalculatorLib.csproj", "{B686B11F-BA97-4826-AF20-963791DF748B}"
EndProject
Project("{2150E333-8FDC-42A3-9474-1A3956D46DE8}") = "Элементы решения", "Элементы решения", "{B57D4492-68A1-4103-B3FC-475C17477C5D}"
	ProjectSection(SolutionItems) = preProject
		SqlQuery.sql = SqlQuery.sql
	EndProjectSection
EndProject
Project("{9A19103F-16F7-4668-BE54-9A1E7A4F7556}") = "AreaCalculatorLib.Tests", "AreaCalculatorTests\AreaCalculatorLib.Tests.csproj", "{4230AAB7-A6D5-4A5B-88D6-2983887FFCDA}"
EndProject
Global
	GlobalSection(SolutionConfigurationPlatforms) = preSolution
		Debug|Any CPU = Debug|Any CPU
		Release|Any CPU = Release|Any CPU
	EndGlobalSection
	GlobalSection(ProjectConfigurationPlatforms) = postSolution
		{B686B11F-BA97-4826-AF20-963791DF748B}.Debug|Any CPU.ActiveCfg = Debug|Any CPU
		{B686B11F-BA97-4826-AF20-963791DF748B}.Debug|Any CPU.Build.0 = Debug|Any CPU
		{B686B11F-BA97-4826-AF20-963791DF748B}.Release|Any CPU.ActiveCfg = Release|Any CPU
		{B686B11F-BA97-4826-AF20-963791DF748B}.Release|Any CPU.Build.0 = Release|Any CPU
		{4230AAB7-A6D5-4A5B-88D6-2983887FFCDA}.Debug|Any CPU.ActiveCfg = Debug|Any CPU
		{4230AAB7-A6D5-4A5B-88D6-2983887FFCDA}.Debug|Any CPU.Build.0 = Debug|Any CPU
		{4230AAB7-A6D5-4A5B-88D6-2983887FFCDA}.Release|Any CPU.ActiveCfg = Release|Any CPU
		{4230AAB7-A6D5-4A5B-88D6-2983887FFCDA}.Release|Any CPU.Build.0 = Release|Any CPU
	EndGlobalSection
	GlobalSection(SolutionProperties) = preSolution
		HideSolutionNode = FALSE
	EndGlobalSection
	GlobalSection(ExtensibilityGlobals) = postSolution
		SolutionGuid = {B1FA6A9A-5416-46AF-8751-C35D037046DB}
	EndGlobalSection
EndGlobal
